
Microsoft Visual Studio Solution File, Format Version 12.00
# Visual Studio 15
VisualStudioVersion = 15.0.26730.16
MinimumVisualStudioVersion = 10.0.40219.1
Project("{FAE04EC0-301F-11D3-BF4B-00C04F79EFBC}") = "ConsoleApplicationTemplate", "ConsoleApplicationTemplate\ConsoleApplicationTemplate.csproj", "{27CDF9E3-4DF6-44E7-B30B-638F34F30150}"
EndProject
Global
	GlobalSection(SolutionConfigurationPlatforms) = preSolution
		Debug|Any CPU = Debug|Any CPU
		Release|Any CPU = Release|Any CPU
	EndGlobalSection
	GlobalSection(ProjectConfigurationPlatforms) = postSolution
		{27CDF9E3-4DF6-44E7-B30B-638F34F30150}.Debug|Any CPU.ActiveCfg = Debug|Any CPU
		{27CDF9E3-4DF6-44E7-B30B-638F34F30150}.Debug|Any CPU.Build.0 = Debug|Any CPU
		{27CDF9E3-4DF6-44E7-B30B-638F34F30150}.Release|Any CPU.ActiveCfg = Release|Any CPU
		{27CDF9E3-4DF6-44E7-B30B-638F34F30150}.Release|Any CPU.Build.0 = Release|Any CPU
	EndGlobalSection
	GlobalSection(SolutionProperties) = preSolution
		HideSolutionNode = FALSE
	EndGlobalSection
	GlobalSection(ExtensibilityGlobals) = postSolution
		SolutionGuid = {1B5E653F-542C-4850-A466-38C9673804DC}
	EndGlobalSection
EndGlobal
